
Microsoft Visual Studio Solution File, Format Version 12.00
# Visual Studio Version 16
VisualStudioVersion = 16.0.30621.155
MinimumVisualStudioVersion = 10.0.40219.1
Project("{FAE04EC0-301F-11D3-BF4B-00C04F79EFBC}") = "Examen 4", "Examen 4.csproj", "{6AD3EE4D-380C-401E-897F-B9FCBCAF4F6C}"
EndProject
Global
	GlobalSection(SolutionConfigurationPlatforms) = preSolution
		Debug|Any CPU = Debug|Any CPU
		Release|Any CPU = Release|Any CPU
	EndGlobalSection
	GlobalSection(ProjectConfigurationPlatforms) = postSolution
		{6AD3EE4D-380C-401E-897F-B9FCBCAF4F6C}.Debug|Any CPU.ActiveCfg = Debug|Any CPU
		{6AD3EE4D-380C-401E-897F-B9FCBCAF4F6C}.Debug|Any CPU.Build.0 = Debug|Any CPU
		{6AD3EE4D-380C-401E-897F-B9FCBCAF4F6C}.Release|Any CPU.ActiveCfg = Release|Any CPU
		{6AD3EE4D-380C-401E-897F-B9FCBCAF4F6C}.Release|Any CPU.Build.0 = Release|Any CPU
	EndGlobalSection
	GlobalSection(SolutionProperties) = preSolution
		HideSolutionNode = FALSE
	EndGlobalSection
	GlobalSection(ExtensibilityGlobals) = postSolution
		SolutionGuid = {F006352D-A0B0-4F12-9B60-A952FC16B9F5}
	EndGlobalSection
EndGlobal
