
Microsoft Visual Studio Solution File, Format Version 12.00
# Visual Studio Version 16
VisualStudioVersion = 16.0.30621.155
MinimumVisualStudioVersion = 10.0.40219.1
Project("{FAE04EC0-301F-11D3-BF4B-00C04F79EFBC}") = "ColasU2", "ColasU2.csproj", "{3C07E248-14A5-44E5-942F-8C62C5BE6EF0}"
EndProject
Global
	GlobalSection(SolutionConfigurationPlatforms) = preSolution
		Debug|Any CPU = Debug|Any CPU
		Release|Any CPU = Release|Any CPU
	EndGlobalSection
	GlobalSection(ProjectConfigurationPlatforms) = postSolution
		{3C07E248-14A5-44E5-942F-8C62C5BE6EF0}.Debug|Any CPU.ActiveCfg = Debug|Any CPU
		{3C07E248-14A5-44E5-942F-8C62C5BE6EF0}.Debug|Any CPU.Build.0 = Debug|Any CPU
		{3C07E248-14A5-44E5-942F-8C62C5BE6EF0}.Release|Any CPU.ActiveCfg = Release|Any CPU
		{3C07E248-14A5-44E5-942F-8C62C5BE6EF0}.Release|Any CPU.Build.0 = Release|Any CPU
	EndGlobalSection
	GlobalSection(SolutionProperties) = preSolution
		HideSolutionNode = FALSE
	EndGlobalSection
	GlobalSection(ExtensibilityGlobals) = postSolution
		SolutionGuid = {F9E5BDFE-469E-4524-8FF6-9609F98FC776}
	EndGlobalSection
EndGlobal
