
Microsoft Visual Studio Solution File, Format Version 12.00
# Visual Studio Version 16
VisualStudioVersion = 16.0.30621.155
MinimumVisualStudioVersion = 10.0.40219.1
Project("{FAE04EC0-301F-11D3-BF4B-00C04F79EFBC}") = "ABB", "ABB.csproj", "{60D1671A-AF37-456C-8E5A-DDB92E59BC05}"
EndProject
Global
	GlobalSection(SolutionConfigurationPlatforms) = preSolution
		Debug|Any CPU = Debug|Any CPU
		Release|Any CPU = Release|Any CPU
	EndGlobalSection
	GlobalSection(ProjectConfigurationPlatforms) = postSolution
		{60D1671A-AF37-456C-8E5A-DDB92E59BC05}.Debug|Any CPU.ActiveCfg = Debug|Any CPU
		{60D1671A-AF37-456C-8E5A-DDB92E59BC05}.Debug|Any CPU.Build.0 = Debug|Any CPU
		{60D1671A-AF37-456C-8E5A-DDB92E59BC05}.Release|Any CPU.ActiveCfg = Release|Any CPU
		{60D1671A-AF37-456C-8E5A-DDB92E59BC05}.Release|Any CPU.Build.0 = Release|Any CPU
	EndGlobalSection
	GlobalSection(SolutionProperties) = preSolution
		HideSolutionNode = FALSE
	EndGlobalSection
	GlobalSection(ExtensibilityGlobals) = postSolution
		SolutionGuid = {33025770-9AF7-4E3F-B465-2E1C0C9B1D9F}
	EndGlobalSection
EndGlobal
